# THIS IS AN AUTOGENERATED FILE. DO NOT EDIT THIS FILE DIRECTLY.
# yarn lockfile v1


bootstrap@4.0.0:
  version "4.0.0"
  resolved "https://registry.yarnpkg.com/bootstrap/-/bootstrap-4.0.0.tgz#ceb03842c145fcc1b9b4e15da2a05656ba68469a"
  integrity sha512-gulJE5dGFo6Q61V/whS6VM4WIyrlydXfCgkE+Gxe5hjrJ8rXLLZlALq7zq2RPhOc45PSwQpJkrTnc2KgD6cvmA==

jquery@^1.9.1:
  version "1.9.1"
  resolved "https://registry.yarnpkg.com/jquery/-/jquery-1.9.1.tgz#e4cd4835faaefbade535857613c0fc3ff2adaf34"
  integrity sha512-gK7jP5cOEUzjyL0dy7MEMfeSFlmt1yNSdZK98CL8W6o0DiNVW5O9hLcD2bdl48mL8q7bEJgd7d9AhhDaN+iDSQ==

popper.js@^1.12.9:
  version "1.16.1"
  resolved "https://registry.yarnpkg.com/popper.js/-/popper.js-1.16.1.tgz#2a223cb3dc7b6213d740e40372be40de43e65b1b"
  integrity sha512-Wb4p1J4zyFTbM+u6WuO4XstYx4Ky9Cewe4DWrel7B0w6VVICvPwdOpotjzcf6eD8TsckVnIMNONQyPIUFOUbCQ==
